// !$*UTF8*$!
{
	archiveVersion = 1;
	classes = {
	};
	objectVersion = 77;
	objects = {

/* Begin PBXContainerItemProxy section */
		3732A2362E6A49DB007E080D /* PBXContainerItemProxy */ = {
			isa = PBXContainerItemProxy;
			containerPortal = 3732A2202E6A49D9007E080D /* Project object */;
			proxyType = 1;
			remoteGlobalIDString = 3732A2272E6A49D9007E080D;
			remoteInfo = BackyardGolf;
		};
		3732A2402E6A49DB007E080D /* PBXContainerItemProxy */ = {
			isa = PBXContainerItemProxy;
			containerPortal = 3732A2202E6A49D9007E080D /* Project object */;
			proxyType = 1;
			remoteGlobalIDString = 3732A2272E6A49D9007E080D;
			remoteInfo = BackyardGolf;
		};
/* End PBXContainerItemProxy section */

/* Begin PBXFileReference section */
		3732A2282E6A49D9007E080D /* BackyardGolf.app */ = {isa = PBXFileReference; explicitFileType = wrapper.application; includeInIndex = 0; path = BackyardGolf.app; sourceTree = BUILT_PRODUCTS_DIR; };
		3732A2352E6A49DB007E080D /* BackyardGolfTests.xctest */ = {isa = PBXFileReference; explicitFileType = wrapper.cfbundle; includeInIndex = 0; path = BackyardGolfTests.xctest; sourceTree = BUILT_PRODUCTS_DIR; };
		3732A23F2E6A49DB007E080D /* BackyardGolfUITests.xctest */ = {isa = PBXFileReference; explicitFileType = wrapper.cfbundle; includeInIndex = 0; path = BackyardGolfUITests.xctest; sourceTree = BUILT_PRODUCTS_DIR; };
/* End PBXFileReference section */

/* Begin PBXFileSystemSynchronizedRootGroup section */
		3732A22A2E6A49D9007E080D /* BackyardGolf */ = {
			isa = PBXFileSystemSynchronizedRootGroup;
			path = BackyardGolf;
			sourceTree = "<group>";
		};
		3732A2382E6A49DB007E080D /* BackyardGolfTests */ = {
			isa = PBXFileSystemSynchronizedRootGroup;
			path = BackyardGolfTests;
			sourceTree = "<group>";
		};
		3732A2422E6A49DB007E080D /* BackyardGolfUITests */ = {
			isa = PBXFileSystemSynchronizedRootGroup;
			path = BackyardGolfUITests;
			sourceTree = "<group>";
		};
/* End PBXFileSystemSynchronizedRootGroup section */

/* Begin PBXFrameworksBuildPhase section */
		3732A2252E6A49D9007E080D /* Frameworks */ = {
			isa = PBXFrameworksBuildPhase;
			buildActionMask = 2147483647;
			files = (
			);
			runOnlyForDeploymentPostprocessing = 0;
		};
		3732A2322E6A49DB007E080D /* Frameworks */ = {
			isa = PBXFrameworksBuildPhase;
			buildActionMask = 2147483647;
			files = (
			);
			runOnlyForDeploymentPostprocessing = 0;
		};
		3732A23C2E6A49DB007E080D /* Frameworks */ = {
			isa = PBXFrameworksBuildPhase;
			buildActionMask = 2147483647;
			files = (
			);
			runOnlyForDeploymentPostprocessing = 0;
		};
/* End PBXFrameworksBuildPhase section */

/* Begin PBXGroup section */
		3732A21F2E6A49D9007E080D = {
			isa = PBXGroup;
			children = (
				3732A22A2E6A49D9007E080D /* BackyardGolf */,
				3732A2382E6A49DB007E080D /* BackyardGolfTests */,
				3732A2422E6A49DB007E080D /* BackyardGolfUITests */,
				3732A2292E6A49D9007E080D /* Products */,
			);
			sourceTree = "<group>";
		};
		3732A2292E6A49D9007E080D /* Products */ = {
			isa = PBXGroup;
			children = (
				3732A2282E6A49D9007E080D /* BackyardGolf.app */,
				3732A2352E6A49DB007E080D /* BackyardGolfTests.xctest */,
				3732A23F2E6A49DB007E080D /* BackyardGolfUITests.xctest */,
			);
			name = Products;
			sourceTree = "<group>";
		};
/* End PBXGroup section */

/* Begin PBXNativeTarget section */
		3732A2272E6A49D9007E080D /* BackyardGolf */ = {
			isa = PBXNativeTarget;
			buildConfigurationList = 3732A2492E6A49DB007E080D /* Build configuration list for PBXNativeTarget "BackyardGolf" */;
			buildPhases = (
				3732A2242E6A49D9007E080D /* Sources */,
				3732A2252E6A49D9007E080D /* Frameworks */,
				3732A2262E6A49D9007E080D /* Resources */,
			);
			buildRules = (
			);
			dependencies = (
			);
			fileSystemSynchronizedGroups = (
				3732A22A2E6A49D9007E080D /* BackyardGolf */,
			);
			name = BackyardGolf;
			packageProductDependencies = (
			);
			productName = BackyardGolf;
			productReference = 3732A2282E6A49D9007E080D /* BackyardGolf.app */;
			productType = "com.apple.product-type.application";
		};
		3732A2342E6A49DB007E080D /* BackyardGolfTests */ = {
			isa = PBXNativeTarget;
			buildConfigurationList = 3732A24C2E6A49DB007E080D /* Build configuration list for PBXNativeTarget "BackyardGolfTests" */;
			buildPhases = (
				3732A2312E6A49DB007E080D /* Sources */,
				3732A2322E6A49DB007E080D /* Frameworks */,
				3732A2332E6A49DB007E080D /* Resources */,
			);
			buildRules = (
			);
			dependencies = (
				3732A2372E6A49DB007E080D /* PBXTargetDependency */,
			);
			fileSystemSynchronizedGroups = (
				3732A2382E6A49DB007E080D /* BackyardGolfTests */,
			);
			name = BackyardGolfTests;
			packageProductDependencies = (
			);
			productName = BackyardGolfTests;
			productReference = 3732A2352E6A49DB007E080D /* BackyardGolfTests.xctest */;
			productType = "com.apple.product-type.bundle.unit-test";
		};
		3732A23E2E6A49DB007E080D /* BackyardGolfUITests */ = {
			isa = PBXNativeTarget;
			buildConfigurationList = 3732A24F2E6A49DB007E080D /* Build configuration list for PBXNativeTarget "BackyardGolfUITests" */;
			buildPhases = (
				3732A23B2E6A49DB007E080D /* Sources */,
				3732A23C2E6A49DB007E080D /* Frameworks */,
				3732A23D2E6A49DB007E080D /* Resources */,
			);
			buildRules = (
			);
			dependencies = (
				3732A2412E6A49DB007E080D /* PBXTargetDependency */,
			);
			fileSystemSynchronizedGroups = (
				3732A2422E6A49DB007E080D /* BackyardGolfUITests */,
			);
			name = BackyardGolfUITests;
			packageProductDependencies = (
			);
			productName = BackyardGolfUITests;
			productReference = 3732A23F2E6A49DB007E080D /* BackyardGolfUITests.xctest */;
			productType = "com.apple.product-type.bundle.ui-testing";
		};
/* End PBXNativeTarget section */

/* Begin PBXProject section */
		3732A2202E6A49D9007E080D /* Project object */ = {
			isa = PBXProject;
			attributes = {
				BuildIndependentTargetsInParallel = 1;
				LastSwiftUpdateCheck = 1640;
				LastUpgradeCheck = 1640;
				TargetAttributes = {
					3732A2272E6A49D9007E080D = {
						CreatedOnToolsVersion = 16.4;
					};
					3732A2342E6A49DB007E080D = {
						CreatedOnToolsVersion = 16.4;
						TestTargetID = 3732A2272E6A49D9007E080D;
					};
					3732A23E2E6A49DB007E080D = {
						CreatedOnToolsVersion = 16.4;
						TestTargetID = 3732A2272E6A49D9007E080D;
					};
				};
			};
			buildConfigurationList = 3732A2232E6A49D9007E080D /* Build configuration list for PBXProject "BackyardGolf" */;
			developmentRegion = en;
			hasScannedForEncodings = 0;
			knownRegions = (
				en,
				Base,
			);
			mainGroup = 3732A21F2E6A49D9007E080D;
			minimizedProjectReferenceProxies = 1;
			preferredProjectObjectVersion = 77;
			productRefGroup = 3732A2292E6A49D9007E080D /* Products */;
			projectDirPath = "";
			projectRoot = "";
			targets = (
				3732A2272E6A49D9007E080D /* BackyardGolf */,
				3732A2342E6A49DB007E080D /* BackyardGolfTests */,
				3732A23E2E6A49DB007E080D /* BackyardGolfUITests */,
			);
		};
/* End PBXProject section */

/* Begin PBXResourcesBuildPhase section */
		3732A2262E6A49D9007E080D /* Resources */ = {
			isa = PBXResourcesBuildPhase;
			buildActionMask = 2147483647;
			files = (
			);
			runOnlyForDeploymentPostprocessing = 0;
		};
		3732A2332E6A49DB007E080D /* Resources */ = {
			isa = PBXResourcesBuildPhase;
			buildActionMask = 2147483647;
			files = (
			);
			runOnlyForDeploymentPostprocessing = 0;
		};
		3732A23D2E6A49DB007E080D /* Resources */ = {
			isa = PBXResourcesBuildPhase;
			buildActionMask = 2147483647;
			files = (
			);
			runOnlyForDeploymentPostprocessing = 0;
		};
/* End PBXResourcesBuildPhase section */

/* Begin PBXSourcesBuildPhase section */
		3732A2242E6A49D9007E080D /* Sources */ = {
			isa = PBXSourcesBuildPhase;
			buildActionMask = 2147483647;
			files = (
			);
			runOnlyForDeploymentPostprocessing = 0;
		};
		3732A2312E6A49DB007E080D /* Sources */ = {
			isa = PBXSourcesBuildPhase;
			buildActionMask = 2147483647;
			files = (
			);
			runOnlyForDeploymentPostprocessing = 0;
		};
		3732A23B2E6A49DB007E080D /* Sources */ = {
			isa = PBXSourcesBuildPhase;
			buildActionMask = 2147483647;
			files = (
			);
			runOnlyForDeploymentPostprocessing = 0;
		};
/* End PBXSourcesBuildPhase section */

/* Begin PBXTargetDependency section */
		3732A2372E6A49DB007E080D /* PBXTargetDependency */ = {
			isa = PBXTargetDependency;
			target = 3732A2272E6A49D9007E080D /* BackyardGolf */;
			targetProxy = 3732A2362E6A49DB007E080D /* PBXContainerItemProxy */;
		};
		3732A2412E6A49DB007E080D /* PBXTargetDependency */ = {
			isa = PBXTargetDependency;
			target = 3732A2272E6A49D9007E080D /* BackyardGolf */;
			targetProxy = 3732A2402E6A49DB007E080D /* PBXContainerItemProxy */;
		};
/* End PBXTargetDependency section */

/* Begin XCBuildConfiguration section */
		3732A2472E6A49DB007E080D /* Debug */ = {
			isa = XCBuildConfiguration;
			buildSettings = {
				ALWAYS_SEARCH_USER_PATHS = NO;
				ASSETCATALOG_COMPILER_GENERATE_SWIFT_ASSET_SYMBOL_EXTENSIONS = YES;
				CLANG_ANALYZER_NONNULL = YES;
				CLANG_ANALYZER_NUMBER_OBJECT_CONVERSION = YES_AGGRESSIVE;
				CLANG_CXX_LANGUAGE_STANDARD = "gnu++20";
				CLANG_ENABLE_MODULES = YES;
				CLANG_ENABLE_OBJC_ARC = YES;
				CLANG_ENABLE_OBJC_WEAK = YES;
				CLANG_WARN_BLOCK_CAPTURE_AUTORELEASING = YES;
				CLANG_WARN_BOOL_CONVERSION = YES;
				CLANG_WARN_COMMA = YES;
				CLANG_WARN_CONSTANT_CONVERSION = YES;
				CLANG_WARN_DEPRECATED_OBJC_IMPLEMENTATIONS = YES;
				CLANG_WARN_DIRECT_OBJC_ISA_USAGE = YES_ERROR;
				CLANG_WARN_DOCUMENTATION_COMMENTS = YES;
				CLANG_WARN_EMPTY_BODY = YES;
				CLANG_WARN_ENUM_CONVERSION = YES;
				CLANG_WARN_INFINITE_RECURSION = YES;
				CLANG_WARN_INT_CONVERSION = YES;
				CLANG_WARN_NON_LITERAL_NULL_CONVERSION = YES;
				CLANG_WARN_OBJC_IMPLICIT_RETAIN_SELF = YES;
				CLANG_WARN_OBJC_LITERAL_CONVERSION = YES;
				CLANG_WARN_OBJC_ROOT_CLASS = YES_ERROR;
				CLANG_WARN_QUOTED_INCLUDE_IN_FRAMEWORK_HEADER = YES;
				CLANG_WARN_RANGE_LOOP_ANALYSIS = YES;
				CLANG_WARN_STRICT_PROTOTYPES = YES;
				CLANG_WARN_SUSPICIOUS_MOVE = YES;
				CLANG_WARN_UNGUARDED_AVAILABILITY = YES_AGGRESSIVE;
				CLANG_WARN_UNREACHABLE_CODE = YES;
				CLANG_WARN__DUPLICATE_METHOD_MATCH = YES;
				COPY_PHASE_STRIP = NO;
				DEBUG_INFORMATION_FORMAT = dwarf;
				ENABLE_STRICT_OBJC_MSGSEND = YES;
				ENABLE_TESTABILITY = YES;
				ENABLE_USER_SCRIPT_SANDBOXING = YES;
				GCC_C_LANGUAGE_STANDARD = gnu17;
				GCC_DYNAMIC_NO_PIC = NO;
				GCC_NO_COMMON_BLOCKS = YES;
				GCC_OPTIMIZATION_LEVEL = 0;
				GCC_PREPROCESSOR_DEFINITIONS = (
					"DEBUG=1",
					"$(inherited)",
				);
				GCC_WARN_64_TO_32_BIT_CONVERSION = YES;
				GCC_WARN_ABOUT_RETURN_TYPE = YES_ERROR;
				GCC_WARN_UNDECLARED_SELECTOR = YES;
				GCC_WARN_UNINITIALIZED_AUTOS = YES_AGGRESSIVE;
				GCC_WARN_UNUSED_FUNCTION = YES;
				GCC_WARN_UNUSED_VARIABLE = YES;
				IPHONEOS_DEPLOYMENT_TARGET = 18.5;
				LOCALIZATION_PREFERS_STRING_CATALOGS = YES;
				MTL_ENABLE_DEBUG_INFO = INCLUDE_SOURCE;
				MTL_FAST_MATH = YES;
				ONLY_ACTIVE_ARCH = YES;
				SDKROOT = iphoneos;
				SWIFT_ACTIVE_COMPILATION_CONDITIONS = "DEBUG $(inherited)";
				SWIFT_OPTIMIZATION_LEVEL = "-Onone";
			};
			name = Debug;
		};
		3732A2482E6A49DB007E080D /* Release */ = {
			isa = XCBuildConfiguration;
			buildSettings = {
				ALWAYS_SEARCH_USER_PATHS = NO;
				ASSETCATALOG_COMPILER_GENERATE_SWIFT_ASSET_SYMBOL_EXTENSIONS = YES;
				CLANG_ANALYZER_NONNULL = YES;
				CLANG_ANALYZER_NUMBER_OBJECT_CONVERSION = YES_AGGRESSIVE;
				CLANG_CXX_LANGUAGE_STANDARD = "gnu++20";
				CLANG_ENABLE_MODULES = YES;
				CLANG_ENABLE_OBJC_ARC = YES;
				CLANG_ENABLE_OBJC_WEAK = YES;
				CLANG_WARN_BLOCK_CAPTURE_AUTORELEASING = YES;
				CLANG_WARN_BOOL_CONVERSION = YES;
				CLANG_WARN_COMMA = YES;
				CLANG_WARN_CONSTANT_CONVERSION = YES;
				CLANG_WARN_DEPRECATED_OBJC_IMPLEMENTATIONS = YES;
				CLANG_WARN_DIRECT_OBJC_ISA_USAGE = YES_ERROR;
				CLANG_WARN_DOCUMENTATION_COMMENTS = YES;
				CLANG_WARN_EMPTY_BODY = YES;
				CLANG_WARN_ENUM_CONVERSION = YES;
				CLANG_WARN_INFINITE_RECURSION = YES;
				CLANG_WARN_INT_CONVERSION = YES;
				CLANG_WARN_NON_LITERAL_NULL_CONVERSION = YES;
				CLANG_WARN_OBJC_IMPLICIT_RETAIN_SELF = YES;
				CLANG_WARN_OBJC_LITERAL_CONVERSION = YES;
				CLANG_WARN_OBJC_ROOT_CLASS = YES_ERROR;
				CLANG_WARN_QUOTED_INCLUDE_IN_FRAMEWORK_HEADER = YES;
				CLANG_WARN_RANGE_LOOP_ANALYSIS = YES;
				CLANG_WARN_STRICT_PROTOTYPES = YES;
				CLANG_WARN_SUSPICIOUS_MOVE = YES;
				CLANG_WARN_UNGUARDED_AVAILABILITY = YES_AGGRESSIVE;
				CLANG_WARN_UNREACHABLE_CODE = YES;
				CLANG_WARN__DUPLICATE_METHOD_MATCH = YES;
				COPY_PHASE_STRIP = NO;
				DEBUG_INFORMATION_FORMAT = "dwarf-with-dsym";
				ENABLE_NS_ASSERTIONS = NO;
				ENABLE_STRICT_OBJC_MSGSEND = YES;
				ENABLE_USER_SCRIPT_SANDBOXING = YES;
				GCC_C_LANGUAGE_STANDARD = gnu17;
				GCC_NO_COMMON_BLOCKS = YES;
				GCC_WARN_64_TO_32_BIT_CONVERSION = YES;
				GCC_WARN_ABOUT_RETURN_TYPE = YES_ERROR;
				GCC_WARN_UNDECLARED_SELECTOR = YES;
				GCC_WARN_UNINITIALIZED_AUTOS = YES_AGGRESSIVE;
				GCC_WARN_UNUSED_FUNCTION = YES;
				GCC_WARN_UNUSED_VARIABLE = YES;
				IPHONEOS_DEPLOYMENT_TARGET = 18.5;
				LOCALIZATION_PREFERS_STRING_CATALOGS = YES;
				MTL_ENABLE_DEBUG_INFO = NO;
				MTL_FAST_MATH = YES;
				SDKROOT = iphoneos;
				SWIFT_COMPILATION_MODE = wholemodule;
				VALIDATE_PRODUCT = YES;
			};
			name = Release;
		};
		3732A24A2E6A49DB007E080D /* Debug */ = {
			isa = XCBuildConfiguration;
			buildSettings = {
				ASSETCATALOG_COMPILER_APPICON_NAME = AppIcon;
				ASSETCATALOG_COMPILER_GLOBAL_ACCENT_COLOR_NAME = AccentColor;
				CODE_SIGN_STYLE = Automatic;
				CURRENT_PROJECT_VERSION = 1;
				ENABLE_PREVIEWS = YES;
				GENERATE_INFOPLIST_FILE = YES;
				INFOPLIST_KEY_UIApplicationSceneManifest_Generation = YES;
				INFOPLIST_KEY_UIApplicationSupportsIndirectInputEvents = YES;
				INFOPLIST_KEY_UILaunchScreen_Generation = YES;
				INFOPLIST_KEY_UISupportedInterfaceOrientations_iPad = "UIInterfaceOrientationPortrait UIInterfaceOrientationPortraitUpsideDown UIInterfaceOrientationLandscapeLeft UIInterfaceOrientationLandscapeRight";
				INFOPLIST_KEY_UISupportedInterfaceOrientations_iPhone = "UIInterfaceOrientationPortrait UIInterfaceOrientationLandscapeLeft UIInterfaceOrientationLandscapeRight";
				LD_RUNPATH_SEARCH_PATHS = (
					"$(inherited)",
					"@executable_path/Frameworks",
				);
				MARKETING_VERSION = 1.0;
				PRODUCT_BUNDLE_IDENTIFIER = com.danbrown.backyardgolf.BackyardGolf;
				PRODUCT_NAME = "$(TARGET_NAME)";
				SWIFT_EMIT_LOC_STRINGS = YES;
				SWIFT_VERSION = 5.0;
				TARGETED_DEVICE_FAMILY = "1,2";
			};
			name = Debug;
		};
		3732A24B2E6A49DB007E080D /* Release */ = {
			isa = XCBuildConfiguration;
			buildSettings = {
				ASSETCATALOG_COMPILER_APPICON_NAME = AppIcon;
				ASSETCATALOG_COMPILER_GLOBAL_ACCENT_COLOR_NAME = AccentColor;
				CODE_SIGN_STYLE = Automatic;
				CURRENT_PROJECT_VERSION = 1;
				ENABLE_PREVIEWS = YES;
				GENERATE_INFOPLIST_FILE = YES;
				INFOPLIST_KEY_UIApplicationSceneManifest_Generation = YES;
				INFOPLIST_KEY_UIApplicationSupportsIndirectInputEvents = YES;
				INFOPLIST_KEY_UILaunchScreen_Generation = YES;
				INFOPLIST_KEY_UISupportedInterfaceOrientations_iPad = "UIInterfaceOrientationPortrait UIInterfaceOrientationPortraitUpsideDown UIInterfaceOrientationLandscapeLeft UIInterfaceOrientationLandscapeRight";
				INFOPLIST_KEY_UISupportedInterfaceOrientations_iPhone = "UIInterfaceOrientationPortrait UIInterfaceOrientationLandscapeLeft UIInterfaceOrientationLandscapeRight";
				LD_RUNPATH_SEARCH_PATHS = (
					"$(inherited)",
					"@executable_path/Frameworks",
				);
				MARKETING_VERSION = 1.0;
				PRODUCT_BUNDLE_IDENTIFIER = com.danbrown.backyardgolf.BackyardGolf;
				PRODUCT_NAME = "$(TARGET_NAME)";
				SWIFT_EMIT_LOC_STRINGS = YES;
				SWIFT_VERSION = 5.0;
				TARGETED_DEVICE_FAMILY = "1,2";
			};
			name = Release;
		};
		3732A24D2E6A49DB007E080D /* Debug */ = {
			isa = XCBuildConfiguration;
			buildSettings = {
				BUNDLE_LOADER = "$(TEST_HOST)";
				CODE_SIGN_STYLE = Automatic;
				CURRENT_PROJECT_VERSION = 1;
				GENERATE_INFOPLIST_FILE = YES;
				IPHONEOS_DEPLOYMENT_TARGET = 18.5;
				MARKETING_VERSION = 1.0;
				PRODUCT_BUNDLE_IDENTIFIER = com.danbrown.backyardgolf.BackyardGolfTests;
				PRODUCT_NAME = "$(TARGET_NAME)";
				SWIFT_EMIT_LOC_STRINGS = NO;
				SWIFT_VERSION = 5.0;
				TARGETED_DEVICE_FAMILY = "1,2";
				TEST_HOST = "$(BUILT_PRODUCTS_DIR)/BackyardGolf.app/$(BUNDLE_EXECUTABLE_FOLDER_PATH)/BackyardGolf";
			};
			name = Debug;
		};
		3732A24E2E6A49DB007E080D /* Release */ = {
			isa = XCBuildConfiguration;
			buildSettings = {
				BUNDLE_LOADER = "$(TEST_HOST)";
				CODE_SIGN_STYLE = Automatic;
				CURRENT_PROJECT_VERSION = 1;
				GENERATE_INFOPLIST_FILE = YES;
				IPHONEOS_DEPLOYMENT_TARGET = 18.5;
				MARKETING_VERSION = 1.0;
				PRODUCT_BUNDLE_IDENTIFIER = com.danbrown.backyardgolf.BackyardGolfTests;
				PRODUCT_NAME = "$(TARGET_NAME)";
				SWIFT_EMIT_LOC_STRINGS = NO;
				SWIFT_VERSION = 5.0;
				TARGETED_DEVICE_FAMILY = "1,2";
				TEST_HOST = "$(BUILT_PRODUCTS_DIR)/BackyardGolf.app/$(BUNDLE_EXECUTABLE_FOLDER_PATH)/BackyardGolf";
			};
			name = Release;
		};
		3732A2502E6A49DB007E080D /* Debug */ = {
			isa = XCBuildConfiguration;
			buildSettings = {
				CODE_SIGN_STYLE = Automatic;
				CURRENT_PROJECT_VERSION = 1;
				GENERATE_INFOPLIST_FILE = YES;
				MARKETING_VERSION = 1.0;
				PRODUCT_BUNDLE_IDENTIFIER = com.danbrown.backyardgolf.BackyardGolfUITests;
				PRODUCT_NAME = "$(TARGET_NAME)";
				SWIFT_EMIT_LOC_STRINGS = NO;
				SWIFT_VERSION = 5.0;
				TARGETED_DEVICE_FAMILY = "1,2";
				TEST_TARGET_NAME = BackyardGolf;
			};
			name = Debug;
		};
		3732A2512E6A49DB007E080D /* Release */ = {
			isa = XCBuildConfiguration;
			buildSettings = {
				CODE_SIGN_STYLE = Automatic;
				CURRENT_PROJECT_VERSION = 1;
				GENERATE_INFOPLIST_FILE = YES;
				MARKETING_VERSION = 1.0;
				PRODUCT_BUNDLE_IDENTIFIER = com.danbrown.backyardgolf.BackyardGolfUITests;
				PRODUCT_NAME = "$(TARGET_NAME)";
				SWIFT_EMIT_LOC_STRINGS = NO;
				SWIFT_VERSION = 5.0;
				TARGETED_DEVICE_FAMILY = "1,2";
				TEST_TARGET_NAME = BackyardGolf;
			};
			name = Release;
		};
/* End XCBuildConfiguration section */

/* Begin XCConfigurationList section */
		3732A2232E6A49D9007E080D /* Build configuration list for PBXProject "BackyardGolf" */ = {
			isa = XCConfigurationList;
			buildConfigurations = (
				3732A2472E6A49DB007E080D /* Debug */,
				3732A2482E6A49DB007E080D /* Release */,
			);
			defaultConfigurationIsVisible = 0;
			defaultConfigurationName = Release;
		};
		3732A2492E6A49DB007E080D /* Build configuration list for PBXNativeTarget "BackyardGolf" */ = {
			isa = XCConfigurationList;
			buildConfigurations = (
				3732A24A2E6A49DB007E080D /* Debug */,
				3732A24B2E6A49DB007E080D /* Release */,
			);
			defaultConfigurationIsVisible = 0;
			defaultConfigurationName = Release;
		};
		3732A24C2E6A49DB007E080D /* Build configuration list for PBXNativeTarget "BackyardGolfTests" */ = {
			isa = XCConfigurationList;
			buildConfigurations = (
				3732A24D2E6A49DB007E080D /* Debug */,
				3732A24E2E6A49DB007E080D /* Release */,
			);
			defaultConfigurationIsVisible = 0;
			defaultConfigurationName = Release;
		};
		3732A24F2E6A49DB007E080D /* Build configuration list for PBXNativeTarget "BackyardGolfUITests" */ = {
			isa = XCConfigurationList;
			buildConfigurations = (
				3732A2502E6A49DB007E080D /* Debug */,
				3732A2512E6A49DB007E080D /* Release */,
			);
			defaultConfigurationIsVisible = 0;
			defaultConfigurationName = Release;
		};
/* End XCConfigurationList section */
	};
	rootObject = 3732A2202E6A49D9007E080D /* Project object */;
}
